// !$*UTF8*$!
{
	archiveVersion = 1;
	classes = {
	};
	objectVersion = 46;
	objects = {

/* Begin PBXBuildFile section */
		1671B2BC199C4DA200CC185B /* AppDelegate.swift in Sources */ = {isa = PBXBuildFile; fileRef = 1671B2BB199C4DA200CC185B /* AppDelegate.swift */; };
		1671B2BE199C4DA200CC185B /* ViewController.swift in Sources */ = {isa = PBXBuildFile; fileRef = 1671B2BD199C4DA200CC185B /* ViewController.swift */; };
		1671B2C3199C4DA200CC185B /* Images.xcassets in Resources */ = {isa = PBXBuildFile; fileRef = 1671B2C2199C4DA200CC185B /* Images.xcassets */; };
		1671B2CF199C4DA200CC185B /* TickStockTests.swift in Sources */ = {isa = PBXBuildFile; fileRef = 1671B2CE199C4DA200CC185B /* TickStockTests.swift */; };
		1671B2D9199C521B00CC185B /* AddNewStockViewController.swift in Sources */ = {isa = PBXBuildFile; fileRef = 1671B2D8199C521B00CC185B /* AddNewStockViewController.swift */; };
		1671B2DB199CD9A800CC185B /* Stock.swift in Sources */ = {isa = PBXBuildFile; fileRef = 1671B2DA199CD9A800CC185B /* Stock.swift */; };
		16798BD1199FAF7C0076C856 /* StockStore.swift in Sources */ = {isa = PBXBuildFile; fileRef = 16798BD0199FAF7C0076C856 /* StockStore.swift */; };
		16798BD3199FBDCB0076C856 /* StockDetailViewController.swift in Sources */ = {isa = PBXBuildFile; fileRef = 16798BD2199FBDCB0076C856 /* StockDetailViewController.swift */; };
/* End PBXBuildFile section */

/* Begin PBXContainerItemProxy section */
		1671B2C9199C4DA200CC185B /* PBXContainerItemProxy */ = {
			isa = PBXContainerItemProxy;
			containerPortal = 1671B2AE199C4DA200CC185B /* Project object */;
			proxyType = 1;
			remoteGlobalIDString = 1671B2B5199C4DA200CC185B;
			remoteInfo = TickStock;
		};
/* End PBXContainerItemProxy section */

/* Begin PBXFileReference section */
		1671B2B6199C4DA200CC185B /* TickStock.app */ = {isa = PBXFileReference; explicitFileType = wrapper.application; includeInIndex = 0; path = TickStock.app; sourceTree = BUILT_PRODUCTS_DIR; };
		1671B2BA199C4DA200CC185B /* Info.plist */ = {isa = PBXFileReference; lastKnownFileType = text.plist.xml; path = Info.plist; sourceTree = "<group>"; };
		1671B2BB199C4DA200CC185B /* AppDelegate.swift */ = {isa = PBXFileReference; lastKnownFileType = sourcecode.swift; path = AppDelegate.swift; sourceTree = "<group>"; };
		1671B2BD199C4DA200CC185B /* ViewController.swift */ = {isa = PBXFileReference; lastKnownFileType = sourcecode.swift; path = ViewController.swift; sourceTree = "<group>"; };
		1671B2C2199C4DA200CC185B /* Images.xcassets */ = {isa = PBXFileReference; lastKnownFileType = folder.assetcatalog; path = Images.xcassets; sourceTree = "<group>"; };
		1671B2C8199C4DA200CC185B /* TickStockTests.xctest */ = {isa = PBXFileReference; explicitFileType = wrapper.cfbundle; includeInIndex = 0; path = TickStockTests.xctest; sourceTree = BUILT_PRODUCTS_DIR; };
		1671B2CD199C4DA200CC185B /* Info.plist */ = {isa = PBXFileReference; lastKnownFileType = text.plist.xml; path = Info.plist; sourceTree = "<group>"; };
		1671B2CE199C4DA200CC185B /* TickStockTests.swift */ = {isa = PBXFileReference; lastKnownFileType = sourcecode.swift; path = TickStockTests.swift; sourceTree = "<group>"; };
		1671B2D8199C521B00CC185B /* AddNewStockViewController.swift */ = {isa = PBXFileReference; fileEncoding = 4; lastKnownFileType = sourcecode.swift; path = AddNewStockViewController.swift; sourceTree = "<group>"; };
		1671B2DA199CD9A800CC185B /* Stock.swift */ = {isa = PBXFileReference; fileEncoding = 4; lastKnownFileType = sourcecode.swift; path = Stock.swift; sourceTree = "<group>"; };
		16798BD0199FAF7C0076C856 /* StockStore.swift */ = {isa = PBXFileReference; fileEncoding = 4; lastKnownFileType = sourcecode.swift; path = StockStore.swift; sourceTree = "<group>"; };
		16798BD2199FBDCB0076C856 /* StockDetailViewController.swift */ = {isa = PBXFileReference; fileEncoding = 4; lastKnownFileType = sourcecode.swift; path = StockDetailViewController.swift; sourceTree = "<group>"; };
/* End PBXFileReference section */

/* Begin PBXFrameworksBuildPhase section */
		1671B2B3199C4DA200CC185B /* Frameworks */ = {
			isa = PBXFrameworksBuildPhase;
			buildActionMask = 2147483647;
			files = (
			);
			runOnlyForDeploymentPostprocessing = 0;
		};
		1671B2C5199C4DA200CC185B /* Frameworks */ = {
			isa = PBXFrameworksBuildPhase;
			buildActionMask = 2147483647;
			files = (
			);
			runOnlyForDeploymentPostprocessing = 0;
		};
/* End PBXFrameworksBuildPhase section */

/* Begin PBXGroup section */
		1671B2AD199C4DA200CC185B = {
			isa = PBXGroup;
			children = (
				1671B2B8199C4DA200CC185B /* TickStock */,
				1671B2CB199C4DA200CC185B /* TickStockTests */,
				1671B2B7199C4DA200CC185B /* Products */,
			);
			sourceTree = "<group>";
		};
		1671B2B7199C4DA200CC185B /* Products */ = {
			isa = PBXGroup;
			children = (
				1671B2B6199C4DA200CC185B /* TickStock.app */,
				1671B2C8199C4DA200CC185B /* TickStockTests.xctest */,
			);
			name = Products;
			sourceTree = "<group>";
		};
		1671B2B8199C4DA200CC185B /* TickStock */ = {
			isa = PBXGroup;
			children = (
				1671B2D8199C521B00CC185B /* AddNewStockViewController.swift */,
				1671B2BB199C4DA200CC185B /* AppDelegate.swift */,
				1671B2BD199C4DA200CC185B /* ViewController.swift */,
				1671B2C2199C4DA200CC185B /* Images.xcassets */,
				1671B2B9199C4DA200CC185B /* Supporting Files */,
				1671B2DA199CD9A800CC185B /* Stock.swift */,
				16798BD0199FAF7C0076C856 /* StockStore.swift */,
				16798BD2199FBDCB0076C856 /* StockDetailViewController.swift */,
			);
			path = TickStock;
			sourceTree = "<group>";
		};
		1671B2B9199C4DA200CC185B /* Supporting Files */ = {
			isa = PBXGroup;
			children = (
				1671B2BA199C4DA200CC185B /* Info.plist */,
			);
			name = "Supporting Files";
			sourceTree = "<group>";
		};
		1671B2CB199C4DA200CC185B /* TickStockTests */ = {
			isa = PBXGroup;
			children = (
				1671B2CE199C4DA200CC185B /* TickStockTests.swift */,
				1671B2CC199C4DA200CC185B /* Supporting Files */,
			);
			path = TickStockTests;
			sourceTree = "<group>";
		};
		1671B2CC199C4DA200CC185B /* Supporting Files */ = {
			isa = PBXGroup;
			children = (
				1671B2CD199C4DA200CC185B /* Info.plist */,
			);
			name = "Supporting Files";
			sourceTree = "<group>";
		};
/* End PBXGroup section */

/* Begin PBXNativeTarget section */
		1671B2B5199C4DA200CC185B /* TickStock */ = {
			isa = PBXNativeTarget;
			buildConfigurationList = 1671B2D2199C4DA200CC185B /* Build configuration list for PBXNativeTarget "TickStock" */;
			buildPhases = (
				1671B2B2199C4DA200CC185B /* Sources */,
				1671B2B3199C4DA200CC185B /* Frameworks */,
				1671B2B4199C4DA200CC185B /* Resources */,
			);
			buildRules = (
			);
			dependencies = (
			);
			name = TickStock;
			productName = TickStock;
			productReference = 1671B2B6199C4DA200CC185B /* TickStock.app */;
			productType = "com.apple.product-type.application";
		};
		1671B2C7199C4DA200CC185B /* TickStockTests */ = {
			isa = PBXNativeTarget;
			buildConfigurationList = 1671B2D5199C4DA200CC185B /* Build configuration list for PBXNativeTarget "TickStockTests" */;
			buildPhases = (
				1671B2C4199C4DA200CC185B /* Sources */,
				1671B2C5199C4DA200CC185B /* Frameworks */,
				1671B2C6199C4DA200CC185B /* Resources */,
			);
			buildRules = (
			);
			dependencies = (
				1671B2CA199C4DA200CC185B /* PBXTargetDependency */,
			);
			name = TickStockTests;
			productName = TickStockTests;
			productReference = 1671B2C8199C4DA200CC185B /* TickStockTests.xctest */;
			productType = "com.apple.product-type.bundle.unit-test";
		};
/* End PBXNativeTarget section */

/* Begin PBXProject section */
		1671B2AE199C4DA200CC185B /* Project object */ = {
			isa = PBXProject;
			attributes = {
				LastUpgradeCheck = 0600;
				ORGANIZATIONNAME = "Jacob O'Donnell";
				TargetAttributes = {
					1671B2B5199C4DA200CC185B = {
						CreatedOnToolsVersion = 6.0;
					};
					1671B2C7199C4DA200CC185B = {
						CreatedOnToolsVersion = 6.0;
						TestTargetID = 1671B2B5199C4DA200CC185B;
					};
				};
			};
			buildConfigurationList = 1671B2B1199C4DA200CC185B /* Build configuration list for PBXProject "TickStock" */;
			compatibilityVersion = "Xcode 3.2";
			developmentRegion = English;
			hasScannedForEncodings = 0;
			knownRegions = (
				en,
				Base,
			);
			mainGroup = 1671B2AD199C4DA200CC185B;
			productRefGroup = 1671B2B7199C4DA200CC185B /* Products */;
			projectDirPath = "";
			projectRoot = "";
			targets = (
				1671B2B5199C4DA200CC185B /* TickStock */,
				1671B2C7199C4DA200CC185B /* TickStockTests */,
			);
		};
/* End PBXProject section */

/* Begin PBXResourcesBuildPhase section */
		1671B2B4199C4DA200CC185B /* Resources */ = {
			isa = PBXResourcesBuildPhase;
			buildActionMask = 2147483647;
			files = (
				1671B2C3199C4DA200CC185B /* Images.xcassets in Resources */,
			);
			runOnlyForDeploymentPostprocessing = 0;
		};
		1671B2C6199C4DA200CC185B /* Resources */ = {
			isa = PBXResourcesBuildPhase;
			buildActionMask = 2147483647;
			files = (
			);
			runOnlyForDeploymentPostprocessing = 0;
		};
/* End PBXResourcesBuildPhase section */

/* Begin PBXSourcesBuildPhase section */
		1671B2B2199C4DA200CC185B /* Sources */ = {
			isa = PBXSourcesBuildPhase;
			buildActionMask = 2147483647;
			files = (
				16798BD3199FBDCB0076C856 /* StockDetailViewController.swift in Sources */,
				1671B2BE199C4DA200CC185B /* ViewController.swift in Sources */,
				1671B2D9199C521B00CC185B /* AddNewStockViewController.swift in Sources */,
				1671B2DB199CD9A800CC185B /* Stock.swift in Sources */,
				16798BD1199FAF7C0076C856 /* StockStore.swift in Sources */,
				1671B2BC199C4DA200CC185B /* AppDelegate.swift in Sources */,
			);
			runOnlyForDeploymentPostprocessing = 0;
		};
		1671B2C4199C4DA200CC185B /* Sources */ = {
			isa = PBXSourcesBuildPhase;
			buildActionMask = 2147483647;
			files = (
				1671B2CF199C4DA200CC185B /* TickStockTests.swift in Sources */,
			);
			runOnlyForDeploymentPostprocessing = 0;
		};
/* End PBXSourcesBuildPhase section */

/* Begin PBXTargetDependency section */
		1671B2CA199C4DA200CC185B /* PBXTargetDependency */ = {
			isa = PBXTargetDependency;
			target = 1671B2B5199C4DA200CC185B /* TickStock */;
			targetProxy = 1671B2C9199C4DA200CC185B /* PBXContainerItemProxy */;
		};
/* End PBXTargetDependency section */

/* Begin XCBuildConfiguration section */
		1671B2D0199C4DA200CC185B /* Debug */ = {
			isa = XCBuildConfiguration;
			buildSettings = {
				ALWAYS_SEARCH_USER_PATHS = NO;
				CLANG_CXX_LANGUAGE_STANDARD = "gnu++0x";
				CLANG_CXX_LIBRARY = "libc++";
				CLANG_ENABLE_MODULES = YES;
				CLANG_ENABLE_OBJC_ARC = YES;
				CLANG_WARN_BOOL_CONVERSION = YES;
				CLANG_WARN_CONSTANT_CONVERSION = YES;
				CLANG_WARN_DIRECT_OBJC_ISA_USAGE = YES_ERROR;
				CLANG_WARN_EMPTY_BODY = YES;
				CLANG_WARN_ENUM_CONVERSION = YES;
				CLANG_WARN_INT_CONVERSION = YES;
				CLANG_WARN_OBJC_ROOT_CLASS = YES_ERROR;
				CLANG_WARN_UNREACHABLE_CODE = YES;
				CLANG_WARN__DUPLICATE_METHOD_MATCH = YES;
				"CODE_SIGN_IDENTITY[sdk=iphoneos*]" = "iPhone Developer";
				COPY_PHASE_STRIP = NO;
				ENABLE_STRICT_OBJC_MSGSEND = YES;
				GCC_C_LANGUAGE_STANDARD = gnu99;
				GCC_DYNAMIC_NO_PIC = NO;
				GCC_OPTIMIZATION_LEVEL = 0;
				GCC_PREPROCESSOR_DEFINITIONS = (
					"DEBUG=1",
					"$(inherited)",
				);
				GCC_SYMBOLS_PRIVATE_EXTERN = NO;
				GCC_WARN_64_TO_32_BIT_CONVERSION = YES;
				GCC_WARN_ABOUT_RETURN_TYPE = YES_ERROR;
				GCC_WARN_UNDECLARED_SELECTOR = YES;
				GCC_WARN_UNINITIALIZED_AUTOS = YES_AGGRESSIVE;
				GCC_WARN_UNUSED_FUNCTION = YES;
				GCC_WARN_UNUSED_VARIABLE = YES;
				IPHONEOS_DEPLOYMENT_TARGET = 8.0;
				MTL_ENABLE_DEBUG_INFO = YES;
				ONLY_ACTIVE_ARCH = YES;
				SDKROOT = iphoneos;
				SWIFT_OPTIMIZATION_LEVEL = "-Onone";
				TARGETED_DEVICE_FAMILY = "1,2";
			};
			name = Debug;
		};
		1671B2D1199C4DA200CC185B /* Release */ = {
			isa = XCBuildConfiguration;
			buildSettings = {
				ALWAYS_SEARCH_USER_PATHS = NO;
				CLANG_CXX_LANGUAGE_STANDARD = "gnu++0x";
				CLANG_CXX_LIBRARY = "libc++";
				CLANG_ENABLE_MODULES = YES;
				CLANG_ENABLE_OBJC_ARC = YES;
				CLANG_WARN_BOOL_CONVERSION = YES;
				CLANG_WARN_CONSTANT_CONVERSION = YES;
				CLANG_WARN_DIRECT_OBJC_ISA_USAGE = YES_ERROR;
				CLANG_WARN_EMPTY_BODY = YES;
				CLANG_WARN_ENUM_CONVERSION = YES;
				CLANG_WARN_INT_CONVERSION = YES;
				CLANG_WARN_OBJC_ROOT_CLASS = YES_ERROR;
				CLANG_WARN_UNREACHABLE_CODE = YES;
				CLANG_WARN__DUPLICATE_METHOD_MATCH = YES;
				"CODE_SIGN_IDENTITY[sdk=iphoneos*]" = "iPhone Developer";
				COPY_PHASE_STRIP = YES;
				ENABLE_NS_ASSERTIONS = NO;
				ENABLE_STRICT_OBJC_MSGSEND = YES;
				GCC_C_LANGUAGE_STANDARD = gnu99;
				GCC_WARN_64_TO_32_BIT_CONVERSION = YES;
				GCC_WARN_ABOUT_RETURN_TYPE = YES_ERROR;
				GCC_WARN_UNDECLARED_SELECTOR = YES;
				GCC_WARN_UNINITIALIZED_AUTOS = YES_AGGRESSIVE;
				GCC_WARN_UNUSED_FUNCTION = YES;
				GCC_WARN_UNUSED_VARIABLE = YES;
				IPHONEOS_DEPLOYMENT_TARGET = 8.0;
				MTL_ENABLE_DEBUG_INFO = NO;
				SDKROOT = iphoneos;
				TARGETED_DEVICE_FAMILY = "1,2";
				VALIDATE_PRODUCT = YES;
			};
			name = Release;
		};
		1671B2D3199C4DA200CC185B /* Debug */ = {
			isa = XCBuildConfiguration;
			buildSettings = {
				ASSETCATALOG_COMPILER_APPICON_NAME = AppIcon;
				ASSETCATALOG_COMPILER_LAUNCHIMAGE_NAME = LaunchImage;
				INFOPLIST_FILE = TickStock/Info.plist;
				LD_RUNPATH_SEARCH_PATHS = "$(inherited) @executable_path/Frameworks";
				PRODUCT_NAME = "$(TARGET_NAME)";
			};
			name = Debug;
		};
		1671B2D4199C4DA200CC185B /* Release */ = {
			isa = XCBuildConfiguration;
			buildSettings = {
				ASSETCATALOG_COMPILER_APPICON_NAME = AppIcon;
				ASSETCATALOG_COMPILER_LAUNCHIMAGE_NAME = LaunchImage;
				INFOPLIST_FILE = TickStock/Info.plist;
				LD_RUNPATH_SEARCH_PATHS = "$(inherited) @executable_path/Frameworks";
				PRODUCT_NAME = "$(TARGET_NAME)";
			};
			name = Release;
		};
		1671B2D6199C4DA200CC185B /* Debug */ = {
			isa = XCBuildConfiguration;
			buildSettings = {
				BUNDLE_LOADER = "$(TEST_HOST)";
				FRAMEWORK_SEARCH_PATHS = (
					"$(SDKROOT)/Developer/Library/Frameworks",
					"$(inherited)",
				);
				GCC_PREPROCESSOR_DEFINITIONS = (
					"DEBUG=1",
					"$(inherited)",
				);
				INFOPLIST_FILE = TickStockTests/Info.plist;
				LD_RUNPATH_SEARCH_PATHS = "$(inherited) @executable_path/Frameworks @loader_path/Frameworks";
				PRODUCT_NAME = "$(TARGET_NAME)";
				TEST_HOST = "$(BUILT_PRODUCTS_DIR)/TickStock.app/TickStock";
			};
			name = Debug;
		};
		1671B2D7199C4DA200CC185B /* Release */ = {
			isa = XCBuildConfiguration;
			buildSettings = {
				BUNDLE_LOADER = "$(TEST_HOST)";
				FRAMEWORK_SEARCH_PATHS = (
					"$(SDKROOT)/Developer/Library/Frameworks",
					"$(inherited)",
				);
				INFOPLIST_FILE = TickStockTests/Info.plist;
				LD_RUNPATH_SEARCH_PATHS = "$(inherited) @executable_path/Frameworks @loader_path/Frameworks";
				PRODUCT_NAME = "$(TARGET_NAME)";
				TEST_HOST = "$(BUILT_PRODUCTS_DIR)/TickStock.app/TickStock";
			};
			name = Release;
		};
/* End XCBuildConfiguration section */

/* Begin XCConfigurationList section */
		1671B2B1199C4DA200CC185B /* Build configuration list for PBXProject "TickStock" */ = {
			isa = XCConfigurationList;
			buildConfigurations = (
				1671B2D0199C4DA200CC185B /* Debug */,
				1671B2D1199C4DA200CC185B /* Release */,
			);
			defaultConfigurationIsVisible = 0;
			defaultConfigurationName = Release;
		};
		1671B2D2199C4DA200CC185B /* Build configuration list for PBXNativeTarget "TickStock" */ = {
			isa = XCConfigurationList;
			buildConfigurations = (
				1671B2D3199C4DA200CC185B /* Debug */,
				1671B2D4199C4DA200CC185B /* Release */,
			);
			defaultConfigurationIsVisible = 0;
			defaultConfigurationName = Release;
		};
		1671B2D5199C4DA200CC185B /* Build configuration list for PBXNativeTarget "TickStockTests" */ = {
			isa = XCConfigurationList;
			buildConfigurations = (
				1671B2D6199C4DA200CC185B /* Debug */,
				1671B2D7199C4DA200CC185B /* Release */,
			);
			defaultConfigurationIsVisible = 0;
			defaultConfigurationName = Release;
		};
/* End XCConfigurationList section */
	};
	rootObject = 1671B2AE199C4DA200CC185B /* Project object */;
}
